// !$*UTF8*$!
{
	archiveVersion = 1;
	classes = {
	};
	objectVersion = 100;
	objects = {

/* Begin PBXContainerItemProxy section */
		5A3BAE1A3000109300177F95 /* PBXContainerItemProxy */ = {
			isa = PBXContainerItemProxy;
			containerPortal = 5A3BADF93000109100177F95 /* Project object */;
			proxyType = 1;
			remoteGlobalIDString = 5A3BAE003000109100177F95;
			remoteInfo = opensky;
		};
		5A3BAE243000109300177F95 /* PBXContainerItemProxy */ = {
			isa = PBXContainerItemProxy;
			containerPortal = 5A3BADF93000109100177F95 /* Project object */;
			proxyType = 1;
			remoteGlobalIDString = 5A3BAE003000109100177F95;
			remoteInfo = opensky;
		};
/* End PBXContainerItemProxy section */

/* Begin PBXFileReference section */
		5A3BAE013000109100177F95 /* opensky.app */ = {isa = PBXFileReference; explicitFileType = wrapper.application; includeInIndex = 0; path = opensky.app; sourceTree = BUILT_PRODUCTS_DIR; };
		5AC1000130001093001700A2 /* openskycli */ = {isa = PBXFileReference; explicitFileType = "compiled.mach-o.executable"; includeInIndex = 0; path = openskycli; sourceTree = BUILT_PRODUCTS_DIR; };
		5A3BAE193000109300177F95 /* openskyTests.xctest */ = {isa = PBXFileReference; explicitFileType = wrapper.cfbundle; includeInIndex = 0; path = openskyTests.xctest; sourceTree = BUILT_PRODUCTS_DIR; };
		5A3BAE233000109300177F95 /* openskyUITests.xctest */ = {isa = PBXFileReference; explicitFileType = wrapper.cfbundle; includeInIndex = 0; path = openskyUITests.xctest; sourceTree = BUILT_PRODUCTS_DIR; };
/* End PBXFileReference section */

/* Begin PBXFileSystemSynchronizedBuildFileExceptionSet section */
		5AC1000130001093001700A6 /* Exceptions for "opensky" folder in "openskycli" target */ = {
			isa = PBXFileSystemSynchronizedBuildFileExceptionSet;
			membershipExceptions = (
				AppDelegate.swift,
				Assets.xcassets,
				GameViewController.swift,
				OpenSkyApp.swift,
			);
			target = 5AC1000130001093001700A1 /* openskycli */;
		};
/* End PBXFileSystemSynchronizedBuildFileExceptionSet section */

/* Begin PBXFileSystemSynchronizedRootGroup section */
		5A3BAE033000109100177F95 /* opensky */ = {
			isa = PBXFileSystemSynchronizedRootGroup;
			exceptions = (
				5AC1000130001093001700A6 /* Exceptions for "opensky" folder in "openskycli" target */,
			);
			path = opensky;
			sourceTree = "<group>";
		};
		5AC1000130001093001700A5 /* openskycli */ = {
			isa = PBXFileSystemSynchronizedRootGroup;
			path = openskycli;
			sourceTree = "<group>";
		};
		5A3BAE1C3000109300177F95 /* openskyTests */ = {
			isa = PBXFileSystemSynchronizedRootGroup;
			path = openskyTests;
			sourceTree = "<group>";
		};
		5A3BAE263000109300177F95 /* openskyUITests */ = {
			isa = PBXFileSystemSynchronizedRootGroup;
			path = openskyUITests;
			sourceTree = "<group>";
		};
/* End PBXFileSystemSynchronizedRootGroup section */

/* Begin PBXFrameworksBuildPhase section */
		5A3BADFE3000109100177F95 /* Frameworks */ = {
			isa = PBXFrameworksBuildPhase;
			files = (
			);
		};
		5A3BAE163000109300177F95 /* Frameworks */ = {
			isa = PBXFrameworksBuildPhase;
			files = (
			);
		};
		5A3BAE203000109300177F95 /* Frameworks */ = {
			isa = PBXFrameworksBuildPhase;
			files = (
			);
		};
		5AC1000130001093001700A4 /* Frameworks */ = {
			isa = PBXFrameworksBuildPhase;
			files = (
			);
		};
/* End PBXFrameworksBuildPhase section */

/* Begin PBXGroup section */
		5A3BADF83000109100177F95 = {
			isa = PBXGroup;
			children = (
				5A3BAE033000109100177F95 /* opensky */,
				5AC1000130001093001700A5 /* openskycli */,
				5A3BAE1C3000109300177F95 /* openskyTests */,
				5A3BAE263000109300177F95 /* openskyUITests */,
				5A3BAE023000109100177F95 /* Products */,
			);
			sourceTree = "<group>";
		};
		5A3BAE023000109100177F95 /* Products */ = {
			isa = PBXGroup;
			children = (
				5A3BAE013000109100177F95 /* opensky.app */,
				5AC1000130001093001700A2 /* openskycli */,
				5A3BAE193000109300177F95 /* openskyTests.xctest */,
				5A3BAE233000109300177F95 /* openskyUITests.xctest */,
			);
			name = Products;
			sourceTree = "<group>";
		};
/* End PBXGroup section */

/* Begin PBXNativeTarget section */
		5A3BAE003000109100177F95 /* opensky */ = {
			isa = PBXNativeTarget;
			buildConfigurationList = 5A3BAE2C3000109300177F95 /* Build configuration list for PBXNativeTarget "opensky" */;
			buildPhases = (
				5A3BADFD3000109100177F95 /* Sources */,
				5A3BADFE3000109100177F95 /* Frameworks */,
				5A3BADFF3000109100177F95 /* Resources */,
			);
			buildRules = (
			);
			fileSystemSynchronizedGroups = (
				5A3BAE033000109100177F95 /* opensky */,
			);
			name = opensky;
			productName = opensky;
			productReference = 5A3BAE013000109100177F95 /* opensky.app */;
			productType = "com.apple.product-type.application";
		};
		5A3BAE183000109300177F95 /* openskyTests */ = {
			isa = PBXNativeTarget;
			buildConfigurationList = 5A3BAE313000109300177F95 /* Build configuration list for PBXNativeTarget "openskyTests" */;
			buildPhases = (
				5A3BAE153000109300177F95 /* Sources */,
				5A3BAE163000109300177F95 /* Frameworks */,
				5A3BAE173000109300177F95 /* Resources */,
			);
			buildRules = (
			);
			dependencies = (
				5A3BAE1B3000109300177F95 /* PBXTargetDependency */,
			);
			fileSystemSynchronizedGroups = (
				5A3BAE1C3000109300177F95 /* openskyTests */,
			);
			name = openskyTests;
			productName = openskyTests;
			productReference = 5A3BAE193000109300177F95 /* openskyTests.xctest */;
			productType = "com.apple.product-type.bundle.unit-test";
		};
		5A3BAE223000109300177F95 /* openskyUITests */ = {
			isa = PBXNativeTarget;
			buildConfigurationList = 5A3BAE343000109300177F95 /* Build configuration list for PBXNativeTarget "openskyUITests" */;
			buildPhases = (
				5A3BAE1F3000109300177F95 /* Sources */,
				5A3BAE203000109300177F95 /* Frameworks */,
				5A3BAE213000109300177F95 /* Resources */,
			);
			buildRules = (
			);
			dependencies = (
				5A3BAE253000109300177F95 /* PBXTargetDependency */,
			);
			fileSystemSynchronizedGroups = (
				5A3BAE263000109300177F95 /* openskyUITests */,
			);
			name = openskyUITests;
			productName = openskyUITests;
			productReference = 5A3BAE233000109300177F95 /* openskyUITests.xctest */;
			productType = "com.apple.product-type.bundle.ui-testing";
		};
		5AC1000130001093001700A1 /* openskycli */ = {
			isa = PBXNativeTarget;
			buildConfigurationList = 5AC1000130001093001700A9 /* Build configuration list for PBXNativeTarget "openskycli" */;
			buildPhases = (
				5AC1000130001093001700A3 /* Sources */,
				5AC1000130001093001700A4 /* Frameworks */,
			);
			buildRules = (
			);
			fileSystemSynchronizedGroups = (
				5A3BAE033000109100177F95 /* opensky */,
				5AC1000130001093001700A5 /* openskycli */,
			);
			name = openskycli;
			productName = openskycli;
			productReference = 5AC1000130001093001700A2 /* openskycli */;
			productType = "com.apple.product-type.tool";
		};
/* End PBXNativeTarget section */

/* Begin PBXProject section */
		5A3BADF93000109100177F95 /* Project object */ = {
			isa = PBXProject;
			attributes = {
				BuildIndependentTargetsInParallel = 1;
				LastSwiftUpdateCheck = 2660;
				LastUpgradeCheck = 2660;
				TargetAttributes = {
					5A3BAE003000109100177F95 = {
						CreatedOnToolsVersion = 26.6;
					};
					5A3BAE183000109300177F95 = {
						CreatedOnToolsVersion = 26.6;
						TestTargetID = 5A3BAE003000109100177F95;
					};
					5A3BAE223000109300177F95 = {
						CreatedOnToolsVersion = 26.6;
						TestTargetID = 5A3BAE003000109100177F95;
					};
					5AC1000130001093001700A1 = {
						CreatedOnToolsVersion = 26.6;
					};
				};
			};
			buildConfigurationList = 5A3BADFC3000109100177F95 /* Build configuration list for PBXProject "opensky" */;
			developmentRegion = en;
			hasScannedForEncodings = 0;
			knownRegions = (
				en,
				Base,
			);
			mainGroup = 5A3BADF83000109100177F95;
			minimizedProjectReferenceProxies = 1;
			preferredProjectObjectVersion = 100;
			productRefGroup = 5A3BAE023000109100177F95 /* Products */;
			projectDirPath = "";
			projectRoot = "";
			targets = (
				5A3BAE003000109100177F95 /* opensky */,
				5AC1000130001093001700A1 /* openskycli */,
				5A3BAE183000109300177F95 /* openskyTests */,
				5A3BAE223000109300177F95 /* openskyUITests */,
			);
		};
/* End PBXProject section */

/* Begin PBXResourcesBuildPhase section */
		5A3BADFF3000109100177F95 /* Resources */ = {
			isa = PBXResourcesBuildPhase;
			files = (
			);
		};
		5A3BAE173000109300177F95 /* Resources */ = {
			isa = PBXResourcesBuildPhase;
			files = (
			);
		};
		5A3BAE213000109300177F95 /* Resources */ = {
			isa = PBXResourcesBuildPhase;
			files = (
			);
		};
/* End PBXResourcesBuildPhase section */

/* Begin PBXSourcesBuildPhase section */
		5A3BADFD3000109100177F95 /* Sources */ = {
			isa = PBXSourcesBuildPhase;
			files = (
			);
		};
		5A3BAE153000109300177F95 /* Sources */ = {
			isa = PBXSourcesBuildPhase;
			files = (
			);
		};
		5A3BAE1F3000109300177F95 /* Sources */ = {
			isa = PBXSourcesBuildPhase;
			files = (
			);
		};
		5AC1000130001093001700A3 /* Sources */ = {
			isa = PBXSourcesBuildPhase;
			files = (
			);
		};
/* End PBXSourcesBuildPhase section */

/* Begin PBXTargetDependency section */
		5A3BAE1B3000109300177F95 /* PBXTargetDependency */ = {
			isa = PBXTargetDependency;
			target = 5A3BAE003000109100177F95 /* opensky */;
			targetProxy = 5A3BAE1A3000109300177F95 /* PBXContainerItemProxy */;
		};
		5A3BAE253000109300177F95 /* PBXTargetDependency */ = {
			isa = PBXTargetDependency;
			target = 5A3BAE003000109100177F95 /* opensky */;
			targetProxy = 5A3BAE243000109300177F95 /* PBXContainerItemProxy */;
		};
/* End PBXTargetDependency section */

/* Begin XCBuildConfiguration section */
		5A3BAE2D3000109300177F95 /* Debug configuration for PBXNativeTarget "opensky" */ = {
			isa = XCBuildConfiguration;
			buildSettings = {
				ASSETCATALOG_COMPILER_APPICON_NAME = AppIcon;
				ASSETCATALOG_COMPILER_GLOBAL_ACCENT_COLOR_NAME = AccentColor;
				CODE_SIGN_IDENTITY = "-";
				CODE_SIGN_STYLE = Automatic;
				CURRENT_PROJECT_VERSION = 1;
				GENERATE_INFOPLIST_FILE = YES;
				INFOPLIST_KEY_NSHumanReadableCopyright = "";
				INFOPLIST_KEY_NSPrincipalClass = NSApplication;
				LD_RUNPATH_SEARCH_PATHS = (
					"$(inherited)",
					"@executable_path/../Frameworks",
				);
				MARKETING_VERSION = 1.0;
				PRODUCT_BUNDLE_IDENTIFIER = nl.jjgroenendijk.opensky;
				PRODUCT_NAME = "$(TARGET_NAME)";
				STRING_CATALOG_GENERATE_SYMBOLS = YES;
				SUPPORTED_PLATFORMS = macosx;
				SWIFT_APPROACHABLE_CONCURRENCY = YES;
				SWIFT_DEFAULT_ACTOR_ISOLATION = MainActor;
				SWIFT_EMIT_LOC_STRINGS = YES;
				SWIFT_OBJC_BRIDGING_HEADER = "$(TARGET_NAME)/ShaderTypes.h";
				SWIFT_UPCOMING_FEATURE_MEMBER_IMPORT_VISIBILITY = YES;
				SWIFT_VERSION = 5.0;
			};
			name = Debug;
		};
		5A3BAE2E3000109300177F95 /* Release configuration for PBXNativeTarget "opensky" */ = {
			isa = XCBuildConfiguration;
			buildSettings = {
				ASSETCATALOG_COMPILER_APPICON_NAME = AppIcon;
				ASSETCATALOG_COMPILER_GLOBAL_ACCENT_COLOR_NAME = AccentColor;
				CODE_SIGN_IDENTITY = "-";
				CODE_SIGN_STYLE = Automatic;
				CURRENT_PROJECT_VERSION = 1;
				GENERATE_INFOPLIST_FILE = YES;
				INFOPLIST_KEY_NSHumanReadableCopyright = "";
				INFOPLIST_KEY_NSPrincipalClass = NSApplication;
				LD_RUNPATH_SEARCH_PATHS = (
					"$(inherited)",
					"@executable_path/../Frameworks",
				);
				MARKETING_VERSION = 1.0;
				PRODUCT_BUNDLE_IDENTIFIER = nl.jjgroenendijk.opensky;
				PRODUCT_NAME = "$(TARGET_NAME)";
				STRING_CATALOG_GENERATE_SYMBOLS = YES;
				SUPPORTED_PLATFORMS = macosx;
				SWIFT_APPROACHABLE_CONCURRENCY = YES;
				SWIFT_DEFAULT_ACTOR_ISOLATION = MainActor;
				SWIFT_EMIT_LOC_STRINGS = YES;
				SWIFT_OBJC_BRIDGING_HEADER = "$(TARGET_NAME)/ShaderTypes.h";
				SWIFT_UPCOMING_FEATURE_MEMBER_IMPORT_VISIBILITY = YES;
				SWIFT_VERSION = 5.0;
			};
			name = Release;
		};
		5A3BAE2F3000109300177F95 /* Debug configuration for PBXProject "opensky" */ = {
			isa = XCBuildConfiguration;
			buildSettings = {
				ALWAYS_SEARCH_USER_PATHS = NO;
				ASSETCATALOG_COMPILER_GENERATE_SWIFT_ASSET_SYMBOL_EXTENSIONS = YES;
				CLANG_ANALYZER_NONNULL = YES;
				CLANG_ANALYZER_NUMBER_OBJECT_CONVERSION = YES_AGGRESSIVE;
				CLANG_CXX_LANGUAGE_STANDARD = "gnu++20";
				CLANG_ENABLE_MODULES = YES;
				CLANG_ENABLE_OBJC_ARC = YES;
				CLANG_ENABLE_OBJC_WEAK = YES;
				CLANG_WARN_BLOCK_CAPTURE_AUTORELEASING = YES;
				CLANG_WARN_BOOL_CONVERSION = YES;
				CLANG_WARN_COMMA = YES;
				CLANG_WARN_CONSTANT_CONVERSION = YES;
				CLANG_WARN_DEPRECATED_OBJC_IMPLEMENTATIONS = YES;
				CLANG_WARN_DIRECT_OBJC_ISA_USAGE = YES_ERROR;
				CLANG_WARN_DOCUMENTATION_COMMENTS = YES;
				CLANG_WARN_EMPTY_BODY = YES;
				CLANG_WARN_ENUM_CONVERSION = YES;
				CLANG_WARN_INFINITE_RECURSION = YES;
				CLANG_WARN_INT_CONVERSION = YES;
				CLANG_WARN_NON_LITERAL_NULL_CONVERSION = YES;
				CLANG_WARN_OBJC_IMPLICIT_RETAIN_SELF = YES;
				CLANG_WARN_OBJC_LITERAL_CONVERSION = YES;
				CLANG_WARN_OBJC_ROOT_CLASS = YES_ERROR;
				CLANG_WARN_QUOTED_INCLUDE_IN_FRAMEWORK_HEADER = YES;
				CLANG_WARN_RANGE_LOOP_ANALYSIS = YES;
				CLANG_WARN_STRICT_PROTOTYPES = YES;
				CLANG_WARN_SUSPICIOUS_MOVE = YES;
				CLANG_WARN_UNGUARDED_AVAILABILITY = YES_AGGRESSIVE;
				CLANG_WARN_UNREACHABLE_CODE = YES;
				CLANG_WARN__DUPLICATE_METHOD_MATCH = YES;
				COPY_PHASE_STRIP = NO;
				DEBUG_INFORMATION_FORMAT = dwarf;
				ENABLE_STRICT_OBJC_MSGSEND = YES;
				ENABLE_TESTABILITY = YES;
				ENABLE_USER_SCRIPT_SANDBOXING = YES;
				GCC_C_LANGUAGE_STANDARD = gnu17;
				GCC_DYNAMIC_NO_PIC = NO;
				GCC_NO_COMMON_BLOCKS = YES;
				GCC_OPTIMIZATION_LEVEL = 0;
				GCC_PREPROCESSOR_DEFINITIONS = (
					"DEBUG=1",
					"$(inherited)",
				);
				GCC_WARN_64_TO_32_BIT_CONVERSION = YES;
				GCC_WARN_ABOUT_RETURN_TYPE = YES_ERROR;
				GCC_WARN_UNDECLARED_SELECTOR = YES;
				GCC_WARN_UNINITIALIZED_AUTOS = YES_AGGRESSIVE;
				GCC_WARN_UNUSED_FUNCTION = YES;
				GCC_WARN_UNUSED_VARIABLE = YES;
				MACOSX_DEPLOYMENT_TARGET = 26.0;
				LOCALIZATION_PREFERS_STRING_CATALOGS = YES;
				MTL_ENABLE_DEBUG_INFO = INCLUDE_SOURCE;
				MTL_FAST_MATH = YES;
				ONLY_ACTIVE_ARCH = YES;
				SDKROOT = macosx;
				SWIFT_ACTIVE_COMPILATION_CONDITIONS = "DEBUG $(inherited)";
				SWIFT_OPTIMIZATION_LEVEL = "-Onone";
			};
			name = Debug;
		};
		5A3BAE303000109300177F95 /* Release configuration for PBXProject "opensky" */ = {
			isa = XCBuildConfiguration;
			buildSettings = {
				ALWAYS_SEARCH_USER_PATHS = NO;
				ASSETCATALOG_COMPILER_GENERATE_SWIFT_ASSET_SYMBOL_EXTENSIONS = YES;
				CLANG_ANALYZER_NONNULL = YES;
				CLANG_ANALYZER_NUMBER_OBJECT_CONVERSION = YES_AGGRESSIVE;
				CLANG_CXX_LANGUAGE_STANDARD = "gnu++20";
				CLANG_ENABLE_MODULES = YES;
				CLANG_ENABLE_OBJC_ARC = YES;
				CLANG_ENABLE_OBJC_WEAK = YES;
				CLANG_WARN_BLOCK_CAPTURE_AUTORELEASING = YES;
				CLANG_WARN_BOOL_CONVERSION = YES;
				CLANG_WARN_COMMA = YES;
				CLANG_WARN_CONSTANT_CONVERSION = YES;
				CLANG_WARN_DEPRECATED_OBJC_IMPLEMENTATIONS = YES;
				CLANG_WARN_DIRECT_OBJC_ISA_USAGE = YES_ERROR;
				CLANG_WARN_DOCUMENTATION_COMMENTS = YES;
				CLANG_WARN_EMPTY_BODY = YES;
				CLANG_WARN_ENUM_CONVERSION = YES;
				CLANG_WARN_INFINITE_RECURSION = YES;
				CLANG_WARN_INT_CONVERSION = YES;
				CLANG_WARN_NON_LITERAL_NULL_CONVERSION = YES;
				CLANG_WARN_OBJC_IMPLICIT_RETAIN_SELF = YES;
				CLANG_WARN_OBJC_LITERAL_CONVERSION = YES;
				CLANG_WARN_OBJC_ROOT_CLASS = YES_ERROR;
				CLANG_WARN_QUOTED_INCLUDE_IN_FRAMEWORK_HEADER = YES;
				CLANG_WARN_RANGE_LOOP_ANALYSIS = YES;
				CLANG_WARN_STRICT_PROTOTYPES = YES;
				CLANG_WARN_SUSPICIOUS_MOVE = YES;
				CLANG_WARN_UNGUARDED_AVAILABILITY = YES_AGGRESSIVE;
				CLANG_WARN_UNREACHABLE_CODE = YES;
				CLANG_WARN__DUPLICATE_METHOD_MATCH = YES;
				COPY_PHASE_STRIP = NO;
				DEBUG_INFORMATION_FORMAT = "dwarf-with-dsym";
				ENABLE_NS_ASSERTIONS = NO;
				ENABLE_STRICT_OBJC_MSGSEND = YES;
				ENABLE_USER_SCRIPT_SANDBOXING = YES;
				GCC_C_LANGUAGE_STANDARD = gnu17;
				GCC_NO_COMMON_BLOCKS = YES;
				GCC_WARN_64_TO_32_BIT_CONVERSION = YES;
				GCC_WARN_ABOUT_RETURN_TYPE = YES_ERROR;
				GCC_WARN_UNDECLARED_SELECTOR = YES;
				GCC_WARN_UNINITIALIZED_AUTOS = YES_AGGRESSIVE;
				GCC_WARN_UNUSED_FUNCTION = YES;
				GCC_WARN_UNUSED_VARIABLE = YES;
				MACOSX_DEPLOYMENT_TARGET = 26.0;
				LOCALIZATION_PREFERS_STRING_CATALOGS = YES;
				MTL_ENABLE_DEBUG_INFO = NO;
				MTL_FAST_MATH = YES;
				SDKROOT = macosx;
				SWIFT_COMPILATION_MODE = wholemodule;
				VALIDATE_PRODUCT = YES;
			};
			name = Release;
		};
		5A3BAE323000109300177F95 /* Debug configuration for PBXNativeTarget "openskyTests" */ = {
			isa = XCBuildConfiguration;
			buildSettings = {
				BUNDLE_LOADER = "$(TEST_HOST)";
				CODE_SIGN_IDENTITY = "-";
				CODE_SIGN_STYLE = Automatic;
				CURRENT_PROJECT_VERSION = 1;
				GENERATE_INFOPLIST_FILE = YES;
				MACOSX_DEPLOYMENT_TARGET = 26.0;
				MARKETING_VERSION = 1.0;
				PRODUCT_BUNDLE_IDENTIFIER = nl.jjgroenendijk.openskyTests;
				PRODUCT_NAME = "$(TARGET_NAME)";
				STRING_CATALOG_GENERATE_SYMBOLS = NO;
				SWIFT_APPROACHABLE_CONCURRENCY = YES;
				SWIFT_EMIT_LOC_STRINGS = NO;
				SWIFT_UPCOMING_FEATURE_MEMBER_IMPORT_VISIBILITY = YES;
				SWIFT_VERSION = 5.0;
				TEST_HOST = "$(BUILT_PRODUCTS_DIR)/opensky.app/$(BUNDLE_EXECUTABLE_FOLDER_PATH)/opensky";
			};
			name = Debug;
		};
		5A3BAE333000109300177F95 /* Release configuration for PBXNativeTarget "openskyTests" */ = {
			isa = XCBuildConfiguration;
			buildSettings = {
				BUNDLE_LOADER = "$(TEST_HOST)";
				CODE_SIGN_IDENTITY = "-";
				CODE_SIGN_STYLE = Automatic;
				CURRENT_PROJECT_VERSION = 1;
				GENERATE_INFOPLIST_FILE = YES;
				MACOSX_DEPLOYMENT_TARGET = 26.0;
				MARKETING_VERSION = 1.0;
				PRODUCT_BUNDLE_IDENTIFIER = nl.jjgroenendijk.openskyTests;
				PRODUCT_NAME = "$(TARGET_NAME)";
				STRING_CATALOG_GENERATE_SYMBOLS = NO;
				SWIFT_APPROACHABLE_CONCURRENCY = YES;
				SWIFT_EMIT_LOC_STRINGS = NO;
				SWIFT_UPCOMING_FEATURE_MEMBER_IMPORT_VISIBILITY = YES;
				SWIFT_VERSION = 5.0;
				TEST_HOST = "$(BUILT_PRODUCTS_DIR)/opensky.app/$(BUNDLE_EXECUTABLE_FOLDER_PATH)/opensky";
			};
			name = Release;
		};
		5A3BAE353000109300177F95 /* Debug configuration for PBXNativeTarget "openskyUITests" */ = {
			isa = XCBuildConfiguration;
			buildSettings = {
				CODE_SIGN_IDENTITY = "-";
				CODE_SIGN_STYLE = Automatic;
				CURRENT_PROJECT_VERSION = 1;
				GENERATE_INFOPLIST_FILE = YES;
				MARKETING_VERSION = 1.0;
				PRODUCT_BUNDLE_IDENTIFIER = nl.jjgroenendijk.openskyUITests;
				PRODUCT_NAME = "$(TARGET_NAME)";
				STRING_CATALOG_GENERATE_SYMBOLS = NO;
				SWIFT_APPROACHABLE_CONCURRENCY = YES;
				SWIFT_EMIT_LOC_STRINGS = NO;
				SWIFT_UPCOMING_FEATURE_MEMBER_IMPORT_VISIBILITY = YES;
				SWIFT_VERSION = 5.0;
				TEST_TARGET_NAME = opensky;
			};
			name = Debug;
		};
		5A3BAE363000109300177F95 /* Release configuration for PBXNativeTarget "openskyUITests" */ = {
			isa = XCBuildConfiguration;
			buildSettings = {
				CODE_SIGN_IDENTITY = "-";
				CODE_SIGN_STYLE = Automatic;
				CURRENT_PROJECT_VERSION = 1;
				GENERATE_INFOPLIST_FILE = YES;
				MARKETING_VERSION = 1.0;
				PRODUCT_BUNDLE_IDENTIFIER = nl.jjgroenendijk.openskyUITests;
				PRODUCT_NAME = "$(TARGET_NAME)";
				STRING_CATALOG_GENERATE_SYMBOLS = NO;
				SWIFT_APPROACHABLE_CONCURRENCY = YES;
				SWIFT_EMIT_LOC_STRINGS = NO;
				SWIFT_UPCOMING_FEATURE_MEMBER_IMPORT_VISIBILITY = YES;
				SWIFT_VERSION = 5.0;
				TEST_TARGET_NAME = opensky;
			};
			name = Release;
		};
		5AC1000130001093001700A7 /* Debug configuration for PBXNativeTarget "openskycli" */ = {
			isa = XCBuildConfiguration;
			buildSettings = {
				CODE_SIGN_IDENTITY = "-";
				CODE_SIGN_STYLE = Automatic;
				CURRENT_PROJECT_VERSION = 1;
				MARKETING_VERSION = 1.0;
				PRODUCT_NAME = "$(TARGET_NAME)";
				SUPPORTED_PLATFORMS = macosx;
				SWIFT_APPROACHABLE_CONCURRENCY = YES;
				SWIFT_DEFAULT_ACTOR_ISOLATION = MainActor;
				SWIFT_OBJC_BRIDGING_HEADER = "opensky/ShaderTypes.h";
				SWIFT_UPCOMING_FEATURE_MEMBER_IMPORT_VISIBILITY = YES;
				SWIFT_VERSION = 5.0;
			};
			name = Debug;
		};
		5AC1000130001093001700A8 /* Release configuration for PBXNativeTarget "openskycli" */ = {
			isa = XCBuildConfiguration;
			buildSettings = {
				CODE_SIGN_IDENTITY = "-";
				CODE_SIGN_STYLE = Automatic;
				CURRENT_PROJECT_VERSION = 1;
				MARKETING_VERSION = 1.0;
				PRODUCT_NAME = "$(TARGET_NAME)";
				SUPPORTED_PLATFORMS = macosx;
				SWIFT_APPROACHABLE_CONCURRENCY = YES;
				SWIFT_DEFAULT_ACTOR_ISOLATION = MainActor;
				SWIFT_OBJC_BRIDGING_HEADER = "opensky/ShaderTypes.h";
				SWIFT_UPCOMING_FEATURE_MEMBER_IMPORT_VISIBILITY = YES;
				SWIFT_VERSION = 5.0;
			};
			name = Release;
		};
/* End XCBuildConfiguration section */

/* Begin XCConfigurationList section */
		5A3BADFC3000109100177F95 /* Build configuration list for PBXProject "opensky" */ = {
			isa = XCConfigurationList;
			buildConfigurations = (
				5A3BAE2F3000109300177F95 /* Debug configuration for PBXProject "opensky" */,
				5A3BAE303000109300177F95 /* Release configuration for PBXProject "opensky" */,
			);
			defaultConfigurationName = Release;
		};
		5A3BAE2C3000109300177F95 /* Build configuration list for PBXNativeTarget "opensky" */ = {
			isa = XCConfigurationList;
			buildConfigurations = (
				5A3BAE2D3000109300177F95 /* Debug configuration for PBXNativeTarget "opensky" */,
				5A3BAE2E3000109300177F95 /* Release configuration for PBXNativeTarget "opensky" */,
			);
			defaultConfigurationName = Release;
		};
		5A3BAE313000109300177F95 /* Build configuration list for PBXNativeTarget "openskyTests" */ = {
			isa = XCConfigurationList;
			buildConfigurations = (
				5A3BAE323000109300177F95 /* Debug configuration for PBXNativeTarget "openskyTests" */,
				5A3BAE333000109300177F95 /* Release configuration for PBXNativeTarget "openskyTests" */,
			);
			defaultConfigurationName = Release;
		};
		5A3BAE343000109300177F95 /* Build configuration list for PBXNativeTarget "openskyUITests" */ = {
			isa = XCConfigurationList;
			buildConfigurations = (
				5A3BAE353000109300177F95 /* Debug configuration for PBXNativeTarget "openskyUITests" */,
				5A3BAE363000109300177F95 /* Release configuration for PBXNativeTarget "openskyUITests" */,
			);
			defaultConfigurationName = Release;
		};
		5AC1000130001093001700A9 /* Build configuration list for PBXNativeTarget "openskycli" */ = {
			isa = XCConfigurationList;
			buildConfigurations = (
				5AC1000130001093001700A7 /* Debug configuration for PBXNativeTarget "openskycli" */,
				5AC1000130001093001700A8 /* Release configuration for PBXNativeTarget "openskycli" */,
			);
			defaultConfigurationName = Release;
		};
/* End XCConfigurationList section */
	};
	rootObject = 5A3BADF93000109100177F95 /* Project object */;
}
